
Microsoft Visual Studio Solution File, Format Version 12.00
# Visual Studio Version 17
VisualStudioVersion = 17.2.32526.322
MinimumVisualStudioVersion = 10.0.40219.1
Project("{FAE04EC0-301F-11D3-BF4B-00C04F79EFBC}") = "Shopping", "Shopping\Shopping.csproj", "{CCE0F1D1-1B36-433F-B193-D4F5FF10CC4D}"
EndProject
Global
	GlobalSection(SolutionConfigurationPlatforms) = preSolution
		Debug|Any CPU = Debug|Any CPU
		Release|Any CPU = Release|Any CPU
	EndGlobalSection
	GlobalSection(ProjectConfigurationPlatforms) = postSolution
		{CCE0F1D1-1B36-433F-B193-D4F5FF10CC4D}.Debug|Any CPU.ActiveCfg = Debug|Any CPU
		{CCE0F1D1-1B36-433F-B193-D4F5FF10CC4D}.Debug|Any CPU.Build.0 = Debug|Any CPU
		{CCE0F1D1-1B36-433F-B193-D4F5FF10CC4D}.Release|Any CPU.ActiveCfg = Release|Any CPU
		{CCE0F1D1-1B36-433F-B193-D4F5FF10CC4D}.Release|Any CPU.Build.0 = Release|Any CPU
	EndGlobalSection
	GlobalSection(SolutionProperties) = preSolution
		HideSolutionNode = FALSE
	EndGlobalSection
	GlobalSection(ExtensibilityGlobals) = postSolution
		SolutionGuid = {511932BF-21A3-4069-AFF7-5C13F70B0E00}
	EndGlobalSection
EndGlobal
